PODS:
  - OHHTTPStubs (5.2.0):
    - OHHTTPStubs/Default (= 5.2.0)
  - OHHTTPStubs/Core (5.2.0)
  - OHHTTPStubs/Default (5.2.0):
    - OHHTTPStubs/Core
    - OHHTTPStubs/JSON
    - OHHTTPStubs/NSURLSession
    - OHHTTPStubs/OHPathHelpers
  - OHHTTPStubs/JSON (5.2.0):
    - OHHTTPStubs/Core
  - OHHTTPStubs/NSURLSession (5.2.0):
    - OHHTTPStubs/Core
  - OHHTTPStubs/OHPathHelpers (5.2.0)

DEPENDENCIES:
  - OHHTTPStubs (= 5.2.0)

SPEC CHECKSUMS:
  OHHTTPStubs: 29ae105797c3410112d10b217c8b7a55aab616b2

PODFILE CHECKSUM: f146166bb8c7bcc992d3e9310974c2fe9c669c02

COCOAPODS: 1.0.1
